// !$*UTF8*$!
{
	archiveVersion = 1;
	classes = {
	};
	objectVersion = 50;
	objects = {

/* Begin PBXBuildFile section */
		BB78752724661F4A00B8D53B /* mutairi.mp3 in Resources */ = {isa = PBXBuildFile; fileRef = BB78752624661F4900B8D53B /* mutairi.mp3 */; };
		BB78EB3D2465C0ED008A2F26 /* MusicPlayerNafees.swift in Sources */ = {isa = PBXBuildFile; fileRef = BB78EB3C2465C0ED008A2F26 /* MusicPlayerNafees.swift */; };
		BB78EB412465C576008A2F26 /* kandary.mp3 in Resources */ = {isa = PBXBuildFile; fileRef = BB78EB3E2465C575008A2F26 /* kandary.mp3 */; };
		BB78EB452466117A008A2F26 /* MusicPlayerKandary.swift in Sources */ = {isa = PBXBuildFile; fileRef = BB78EB442466117A008A2F26 /* MusicPlayerKandary.swift */; };
		BB78EB47246611FA008A2F26 /* MusicPlayerMutairi.swift in Sources */ = {isa = PBXBuildFile; fileRef = BB78EB46246611FA008A2F26 /* MusicPlayerMutairi.swift */; };
		BB78EB49246616D0008A2F26 /* nafees.mp3 in Resources */ = {isa = PBXBuildFile; fileRef = BB78EB48246616D0008A2F26 /* nafees.mp3 */; };
		BB8DACEC24630A9600C4CBD1 /* AppDelegate.swift in Sources */ = {isa = PBXBuildFile; fileRef = BB8DACEB24630A9600C4CBD1 /* AppDelegate.swift */; };
		BB8DACEE24630A9600C4CBD1 /* SceneDelegate.swift in Sources */ = {isa = PBXBuildFile; fileRef = BB8DACED24630A9600C4CBD1 /* SceneDelegate.swift */; };
		BB8DACF024630A9600C4CBD1 /* MosqueListView.swift in Sources */ = {isa = PBXBuildFile; fileRef = BB8DACEF24630A9600C4CBD1 /* MosqueListView.swift */; };
		BB8DACF224630A9D00C4CBD1 /* Assets.xcassets in Resources */ = {isa = PBXBuildFile; fileRef = BB8DACF124630A9D00C4CBD1 /* Assets.xcassets */; };
		BB8DACF524630A9D00C4CBD1 /* Preview Assets.xcassets in Resources */ = {isa = PBXBuildFile; fileRef = BB8DACF424630A9D00C4CBD1 /* Preview Assets.xcassets */; };
		BB8DACF824630A9D00C4CBD1 /* LaunchScreen.storyboard in Resources */ = {isa = PBXBuildFile; fileRef = BB8DACF624630A9D00C4CBD1 /* LaunchScreen.storyboard */; };
		BB8DAD012463378200C4CBD1 /* MosqueDetalisView.swift in Sources */ = {isa = PBXBuildFile; fileRef = BB8DAD002463378200C4CBD1 /* MosqueDetalisView.swift */; };
		BB8DAD04246337BB00C4CBD1 /* Mosque.swift in Sources */ = {isa = PBXBuildFile; fileRef = BB8DAD03246337BB00C4CBD1 /* Mosque.swift */; };
		BBBCBDAD24647C120028E071 /* Timing.swift in Sources */ = {isa = PBXBuildFile; fileRef = BBBCBDAC24647C120028E071 /* Timing.swift */; };
/* End PBXBuildFile section */

/* Begin PBXFileReference section */
		BB78752624661F4900B8D53B /* mutairi.mp3 */ = {isa = PBXFileReference; lastKnownFileType = audio.mp3; path = mutairi.mp3; sourceTree = "<group>"; };
		BB78EB3C2465C0ED008A2F26 /* MusicPlayerNafees.swift */ = {isa = PBXFileReference; lastKnownFileType = sourcecode.swift; path = MusicPlayerNafees.swift; sourceTree = "<group>"; };
		BB78EB3E2465C575008A2F26 /* kandary.mp3 */ = {isa = PBXFileReference; lastKnownFileType = audio.mp3; path = kandary.mp3; sourceTree = "<group>"; };
		BB78EB442466117A008A2F26 /* MusicPlayerKandary.swift */ = {isa = PBXFileReference; lastKnownFileType = sourcecode.swift; path = MusicPlayerKandary.swift; sourceTree = "<group>"; };
		BB78EB46246611FA008A2F26 /* MusicPlayerMutairi.swift */ = {isa = PBXFileReference; lastKnownFileType = sourcecode.swift; path = MusicPlayerMutairi.swift; sourceTree = "<group>"; };
		BB78EB48246616D0008A2F26 /* nafees.mp3 */ = {isa = PBXFileReference; lastKnownFileType = audio.mp3; path = nafees.mp3; sourceTree = "<group>"; };
		BB8DACE824630A9600C4CBD1 /* KuwaitMosques.app */ = {isa = PBXFileReference; explicitFileType = wrapper.application; includeInIndex = 0; path = KuwaitMosques.app; sourceTree = BUILT_PRODUCTS_DIR; };
		BB8DACEB24630A9600C4CBD1 /* AppDelegate.swift */ = {isa = PBXFileReference; lastKnownFileType = sourcecode.swift; path = AppDelegate.swift; sourceTree = "<group>"; };
		BB8DACED24630A9600C4CBD1 /* SceneDelegate.swift */ = {isa = PBXFileReference; lastKnownFileType = sourcecode.swift; path = SceneDelegate.swift; sourceTree = "<group>"; };
		BB8DACEF24630A9600C4CBD1 /* MosqueListView.swift */ = {isa = PBXFileReference; lastKnownFileType = sourcecode.swift; path = MosqueListView.swift; sourceTree = "<group>"; };
		BB8DACF124630A9D00C4CBD1 /* Assets.xcassets */ = {isa = PBXFileReference; lastKnownFileType = folder.assetcatalog; path = Assets.xcassets; sourceTree = "<group>"; };
		BB8DACF424630A9D00C4CBD1 /* Preview Assets.xcassets */ = {isa = PBXFileReference; lastKnownFileType = folder.assetcatalog; path = "Preview Assets.xcassets"; sourceTree = "<group>"; };
		BB8DACF724630A9D00C4CBD1 /* Base */ = {isa = PBXFileReference; lastKnownFileType = file.storyboard; name = Base; path = Base.lproj/LaunchScreen.storyboard; sourceTree = "<group>"; };
		BB8DACF924630A9D00C4CBD1 /* Info.plist */ = {isa = PBXFileReference; lastKnownFileType = text.plist.xml; path = Info.plist; sourceTree = "<group>"; };
		BB8DAD002463378200C4CBD1 /* MosqueDetalisView.swift */ = {isa = PBXFileReference; lastKnownFileType = sourcecode.swift; path = MosqueDetalisView.swift; sourceTree = "<group>"; };
		BB8DAD03246337BB00C4CBD1 /* Mosque.swift */ = {isa = PBXFileReference; lastKnownFileType = sourcecode.swift; path = Mosque.swift; sourceTree = "<group>"; };
		BBBCBDAC24647C120028E071 /* Timing.swift */ = {isa = PBXFileReference; lastKnownFileType = sourcecode.swift; path = Timing.swift; sourceTree = "<group>"; };
/* End PBXFileReference section */

/* Begin PBXFrameworksBuildPhase section */
		BB8DACE524630A9600C4CBD1 /* Frameworks */ = {
			isa = PBXFrameworksBuildPhase;
			buildActionMask = 2147483647;
			files = (
			);
			runOnlyForDeploymentPostprocessing = 0;
		};
/* End PBXFrameworksBuildPhase section */

/* Begin PBXGroup section */
		BB8DACDF24630A9600C4CBD1 = {
			isa = PBXGroup;
			children = (
				BB78EB48246616D0008A2F26 /* nafees.mp3 */,
				BB78752624661F4900B8D53B /* mutairi.mp3 */,
				BB78EB3E2465C575008A2F26 /* kandary.mp3 */,
				BB8DACEA24630A9600C4CBD1 /* KuwaitMosques */,
				BB8DACE924630A9600C4CBD1 /* Products */,
			);
			sourceTree = "<group>";
		};
		BB8DACE924630A9600C4CBD1 /* Products */ = {
			isa = PBXGroup;
			children = (
				BB8DACE824630A9600C4CBD1 /* KuwaitMosques.app */,
			);
			name = Products;
			sourceTree = "<group>";
		};
		BB8DACEA24630A9600C4CBD1 /* KuwaitMosques */ = {
			isa = PBXGroup;
			children = (
				BB8DACEB24630A9600C4CBD1 /* AppDelegate.swift */,
				BB8DACED24630A9600C4CBD1 /* SceneDelegate.swift */,
				BB8DAD022463379C00C4CBD1 /* Models */,
				BB8DACFF2463314E00C4CBD1 /* Views */,
				BB8DACF124630A9D00C4CBD1 /* Assets.xcassets */,
				BB8DACF624630A9D00C4CBD1 /* LaunchScreen.storyboard */,
				BB8DACF924630A9D00C4CBD1 /* Info.plist */,
				BB8DACF324630A9D00C4CBD1 /* Preview Content */,
			);
			path = KuwaitMosques;
			sourceTree = "<group>";
		};
		BB8DACF324630A9D00C4CBD1 /* Preview Content */ = {
			isa = PBXGroup;
			children = (
				BB8DACF424630A9D00C4CBD1 /* Preview Assets.xcassets */,
			);
			path = "Preview Content";
			sourceTree = "<group>";
		};
		BB8DACFF2463314E00C4CBD1 /* Views */ = {
			isa = PBXGroup;
			children = (
				BB8DACEF24630A9600C4CBD1 /* MosqueListView.swift */,
				BB8DAD002463378200C4CBD1 /* MosqueDetalisView.swift */,
			);
			path = Views;
			sourceTree = "<group>";
		};
		BB8DAD022463379C00C4CBD1 /* Models */ = {
			isa = PBXGroup;
			children = (
				BB8DAD03246337BB00C4CBD1 /* Mosque.swift */,
				BBBCBDAC24647C120028E071 /* Timing.swift */,
				BB78EB3C2465C0ED008A2F26 /* MusicPlayerNafees.swift */,
				BB78EB442466117A008A2F26 /* MusicPlayerKandary.swift */,
				BB78EB46246611FA008A2F26 /* MusicPlayerMutairi.swift */,
			);
			path = Models;
			sourceTree = "<group>";
		};
/* End PBXGroup section */

/* Begin PBXNativeTarget section */
		BB8DACE724630A9600C4CBD1 /* KuwaitMosques */ = {
			isa = PBXNativeTarget;
			buildConfigurationList = BB8DACFC24630A9D00C4CBD1 /* Build configuration list for PBXNativeTarget "KuwaitMosques" */;
			buildPhases = (
				BB8DACE424630A9600C4CBD1 /* Sources */,
				BB8DACE524630A9600C4CBD1 /* Frameworks */,
				BB8DACE624630A9600C4CBD1 /* Resources */,
			);
			buildRules = (
			);
			dependencies = (
			);
			name = KuwaitMosques;
			productName = KuwaitMosques;
			productReference = BB8DACE824630A9600C4CBD1 /* KuwaitMosques.app */;
			productType = "com.apple.product-type.application";
		};
/* End PBXNativeTarget section */

/* Begin PBXProject section */
		BB8DACE024630A9600C4CBD1 /* Project object */ = {
			isa = PBXProject;
			attributes = {
				LastSwiftUpdateCheck = 1140;
				LastUpgradeCheck = 1140;
				ORGANIZATIONNAME = EngSrayea;
				TargetAttributes = {
					BB8DACE724630A9600C4CBD1 = {
						CreatedOnToolsVersion = 11.4;
					};
				};
			};
			buildConfigurationList = BB8DACE324630A9600C4CBD1 /* Build configuration list for PBXProject "KuwaitMosques" */;
			compatibilityVersion = "Xcode 9.3";
			developmentRegion = en;
			hasScannedForEncodings = 0;
			knownRegions = (
				en,
				Base,
			);
			mainGroup = BB8DACDF24630A9600C4CBD1;
			productRefGroup = BB8DACE924630A9600C4CBD1 /* Products */;
			projectDirPath = "";
			projectRoot = "";
			targets = (
				BB8DACE724630A9600C4CBD1 /* KuwaitMosques */,
			);
		};
/* End PBXProject section */

/* Begin PBXResourcesBuildPhase section */
		BB8DACE624630A9600C4CBD1 /* Resources */ = {
			isa = PBXResourcesBuildPhase;
			buildActionMask = 2147483647;
			files = (
				BB78752724661F4A00B8D53B /* mutairi.mp3 in Resources */,
				BB78EB49246616D0008A2F26 /* nafees.mp3 in Resources */,
				BB78EB412465C576008A2F26 /* kandary.mp3 in Resources */,
				BB8DACF824630A9D00C4CBD1 /* LaunchScreen.storyboard in Resources */,
				BB8DACF524630A9D00C4CBD1 /* Preview Assets.xcassets in Resources */,
				BB8DACF224630A9D00C4CBD1 /* Assets.xcassets in Resources */,
			);
			runOnlyForDeploymentPostprocessing = 0;
		};
/* End PBXResourcesBuildPhase section */

/* Begin PBXSourcesBuildPhase section */
		BB8DACE424630A9600C4CBD1 /* Sources */ = {
			isa = PBXSourcesBuildPhase;
			buildActionMask = 2147483647;
			files = (
				BB78EB47246611FA008A2F26 /* MusicPlayerMutairi.swift in Sources */,
				BB8DACEC24630A9600C4CBD1 /* AppDelegate.swift in Sources */,
				BBBCBDAD24647C120028E071 /* Timing.swift in Sources */,
				BB8DAD012463378200C4CBD1 /* MosqueDetalisView.swift in Sources */,
				BB78EB452466117A008A2F26 /* MusicPlayerKandary.swift in Sources */,
				BB8DACEE24630A9600C4CBD1 /* SceneDelegate.swift in Sources */,
				BB78EB3D2465C0ED008A2F26 /* MusicPlayerNafees.swift in Sources */,
				BB8DAD04246337BB00C4CBD1 /* Mosque.swift in Sources */,
				BB8DACF024630A9600C4CBD1 /* MosqueListView.swift in Sources */,
			);
			runOnlyForDeploymentPostprocessing = 0;
		};
/* End PBXSourcesBuildPhase section */

/* Begin PBXVariantGroup section */
		BB8DACF624630A9D00C4CBD1 /* LaunchScreen.storyboard */ = {
			isa = PBXVariantGroup;
			children = (
				BB8DACF724630A9D00C4CBD1 /* Base */,
			);
			name = LaunchScreen.storyboard;
			sourceTree = "<group>";
		};
/* End PBXVariantGroup section */

/* Begin XCBuildConfiguration section */
		BB8DACFA24630A9D00C4CBD1 /* Debug */ = {
			isa = XCBuildConfiguration;
			buildSettings = {
				ALWAYS_SEARCH_USER_PATHS = NO;
				CLANG_ANALYZER_NONNULL = YES;
				CLANG_ANALYZER_NUMBER_OBJECT_CONVERSION = YES_AGGRESSIVE;
				CLANG_CXX_LANGUAGE_STANDARD = "gnu++14";
				CLANG_CXX_LIBRARY = "libc++";
				CLANG_ENABLE_MODULES = YES;
				CLANG_ENABLE_OBJC_ARC = YES;
				CLANG_ENABLE_OBJC_WEAK = YES;
				CLANG_WARN_BLOCK_CAPTURE_AUTORELEASING = YES;
				CLANG_WARN_BOOL_CONVERSION = YES;
				CLANG_WARN_COMMA = YES;
				CLANG_WARN_CONSTANT_CONVERSION = YES;
				CLANG_WARN_DEPRECATED_OBJC_IMPLEMENTATIONS = YES;
				CLANG_WARN_DIRECT_OBJC_ISA_USAGE = YES_ERROR;
				CLANG_WARN_DOCUMENTATION_COMMENTS = YES;
				CLANG_WARN_EMPTY_BODY = YES;
				CLANG_WARN_ENUM_CONVERSION = YES;
				CLANG_WARN_INFINITE_RECURSION = YES;
				CLANG_WARN_INT_CONVERSION = YES;
				CLANG_WARN_NON_LITERAL_NULL_CONVERSION = YES;
				CLANG_WARN_OBJC_IMPLICIT_RETAIN_SELF = YES;
				CLANG_WARN_OBJC_LITERAL_CONVERSION = YES;
				CLANG_WARN_OBJC_ROOT_CLASS = YES_ERROR;
				CLANG_WARN_RANGE_LOOP_ANALYSIS = YES;
				CLANG_WARN_STRICT_PROTOTYPES = YES;
				CLANG_WARN_SUSPICIOUS_MOVE = YES;
				CLANG_WARN_UNGUARDED_AVAILABILITY = YES_AGGRESSIVE;
				CLANG_WARN_UNREACHABLE_CODE = YES;
				CLANG_WARN__DUPLICATE_METHOD_MATCH = YES;
				COPY_PHASE_STRIP = NO;
				DEBUG_INFORMATION_FORMAT = dwarf;
				ENABLE_STRICT_OBJC_MSGSEND = YES;
				ENABLE_TESTABILITY = YES;
				GCC_C_LANGUAGE_STANDARD = gnu11;
				GCC_DYNAMIC_NO_PIC = NO;
				GCC_NO_COMMON_BLOCKS = YES;
				GCC_OPTIMIZATION_LEVEL = 0;
				GCC_PREPROCESSOR_DEFINITIONS = (
					"DEBUG=1",
					"$(inherited)",
				);
				GCC_WARN_64_TO_32_BIT_CONVERSION = YES;
				GCC_WARN_ABOUT_RETURN_TYPE = YES_ERROR;
				GCC_WARN_UNDECLARED_SELECTOR = YES;
				GCC_WARN_UNINITIALIZED_AUTOS = YES_AGGRESSIVE;
				GCC_WARN_UNUSED_FUNCTION = YES;
				GCC_WARN_UNUSED_VARIABLE = YES;
				IPHONEOS_DEPLOYMENT_TARGET = 13.4;
				MTL_ENABLE_DEBUG_INFO = INCLUDE_SOURCE;
				MTL_FAST_MATH = YES;
				ONLY_ACTIVE_ARCH = YES;
				SDKROOT = iphoneos;
				SWIFT_ACTIVE_COMPILATION_CONDITIONS = DEBUG;
				SWIFT_OPTIMIZATION_LEVEL = "-Onone";
			};
			name = Debug;
		};
		BB8DACFB24630A9D00C4CBD1 /* Release */ = {
			isa = XCBuildConfiguration;
			buildSettings = {
				ALWAYS_SEARCH_USER_PATHS = NO;
				CLANG_ANALYZER_NONNULL = YES;
				CLANG_ANALYZER_NUMBER_OBJECT_CONVERSION = YES_AGGRESSIVE;
				CLANG_CXX_LANGUAGE_STANDARD = "gnu++14";
				CLANG_CXX_LIBRARY = "libc++";
				CLANG_ENABLE_MODULES = YES;
				CLANG_ENABLE_OBJC_ARC = YES;
				CLANG_ENABLE_OBJC_WEAK = YES;
				CLANG_WARN_BLOCK_CAPTURE_AUTORELEASING = YES;
				CLANG_WARN_BOOL_CONVERSION = YES;
				CLANG_WARN_COMMA = YES;
				CLANG_WARN_CONSTANT_CONVERSION = YES;
				CLANG_WARN_DEPRECATED_OBJC_IMPLEMENTATIONS = YES;
				CLANG_WARN_DIRECT_OBJC_ISA_USAGE = YES_ERROR;
				CLANG_WARN_DOCUMENTATION_COMMENTS = YES;
				CLANG_WARN_EMPTY_BODY = YES;
				CLANG_WARN_ENUM_CONVERSION = YES;
				CLANG_WARN_INFINITE_RECURSION = YES;
				CLANG_WARN_INT_CONVERSION = YES;
				CLANG_WARN_NON_LITERAL_NULL_CONVERSION = YES;
				CLANG_WARN_OBJC_IMPLICIT_RETAIN_SELF = YES;
				CLANG_WARN_OBJC_LITERAL_CONVERSION = YES;
				CLANG_WARN_OBJC_ROOT_CLASS = YES_ERROR;
				CLANG_WARN_RANGE_LOOP_ANALYSIS = YES;
				CLANG_WARN_STRICT_PROTOTYPES = YES;
				CLANG_WARN_SUSPICIOUS_MOVE = YES;
				CLANG_WARN_UNGUARDED_AVAILABILITY = YES_AGGRESSIVE;
				CLANG_WARN_UNREACHABLE_CODE = YES;
				CLANG_WARN__DUPLICATE_METHOD_MATCH = YES;
				COPY_PHASE_STRIP = NO;
				DEBUG_INFORMATION_FORMAT = "dwarf-with-dsym";
				ENABLE_NS_ASSERTIONS = NO;
				ENABLE_STRICT_OBJC_MSGSEND = YES;
				GCC_C_LANGUAGE_STANDARD = gnu11;
				GCC_NO_COMMON_BLOCKS = YES;
				GCC_WARN_64_TO_32_BIT_CONVERSION = YES;
				GCC_WARN_ABOUT_RETURN_TYPE = YES_ERROR;
				GCC_WARN_UNDECLARED_SELECTOR = YES;
				GCC_WARN_UNINITIALIZED_AUTOS = YES_AGGRESSIVE;
				GCC_WARN_UNUSED_FUNCTION = YES;
				GCC_WARN_UNUSED_VARIABLE = YES;
				IPHONEOS_DEPLOYMENT_TARGET = 13.4;
				MTL_ENABLE_DEBUG_INFO = NO;
				MTL_FAST_MATH = YES;
				SDKROOT = iphoneos;
				SWIFT_COMPILATION_MODE = wholemodule;
				SWIFT_OPTIMIZATION_LEVEL = "-O";
				VALIDATE_PRODUCT = YES;
			};
			name = Release;
		};
		BB8DACFD24630A9D00C4CBD1 /* Debug */ = {
			isa = XCBuildConfiguration;
			buildSettings = {
				ASSETCATALOG_COMPILER_APPICON_NAME = AppIcon;
				CODE_SIGN_STYLE = Automatic;
				DEVELOPMENT_ASSET_PATHS = "\"KuwaitMosques/Preview Content\"";
				DEVELOPMENT_TEAM = R4WCWV874T;
				ENABLE_PREVIEWS = YES;
				INFOPLIST_FILE = KuwaitMosques/Info.plist;
				LD_RUNPATH_SEARCH_PATHS = (
					"$(inherited)",
					"@executable_path/Frameworks",
				);
				PRODUCT_BUNDLE_IDENTIFIER = com.EngSrayea.KuwaitMosques;
				PRODUCT_NAME = "$(TARGET_NAME)";
				SWIFT_VERSION = 5.0;
				TARGETED_DEVICE_FAMILY = "1,2";
			};
			name = Debug;
		};
		BB8DACFE24630A9D00C4CBD1 /* Release */ = {
			isa = XCBuildConfiguration;
			buildSettings = {
				ASSETCATALOG_COMPILER_APPICON_NAME = AppIcon;
				CODE_SIGN_STYLE = Automatic;
				DEVELOPMENT_ASSET_PATHS = "\"KuwaitMosques/Preview Content\"";
				DEVELOPMENT_TEAM = R4WCWV874T;
				ENABLE_PREVIEWS = YES;
				INFOPLIST_FILE = KuwaitMosques/Info.plist;
				LD_RUNPATH_SEARCH_PATHS = (
					"$(inherited)",
					"@executable_path/Frameworks",
				);
				PRODUCT_BUNDLE_IDENTIFIER = com.EngSrayea.KuwaitMosques;
				PRODUCT_NAME = "$(TARGET_NAME)";
				SWIFT_VERSION = 5.0;
				TARGETED_DEVICE_FAMILY = "1,2";
			};
			name = Release;
		};
/* End XCBuildConfiguration section */

/* Begin XCConfigurationList section */
		BB8DACE324630A9600C4CBD1 /* Build configuration list for PBXProject "KuwaitMosques" */ = {
			isa = XCConfigurationList;
			buildConfigurations = (
				BB8DACFA24630A9D00C4CBD1 /* Debug */,
				BB8DACFB24630A9D00C4CBD1 /* Release */,
			);
			defaultConfigurationIsVisible = 0;
			defaultConfigurationName = Release;
		};
		BB8DACFC24630A9D00C4CBD1 /* Build configuration list for PBXNativeTarget "KuwaitMosques" */ = {
			isa = XCConfigurationList;
			buildConfigurations = (
				BB8DACFD24630A9D00C4CBD1 /* Debug */,
				BB8DACFE24630A9D00C4CBD1 /* Release */,
			);
			defaultConfigurationIsVisible = 0;
			defaultConfigurationName = Release;
		};
/* End XCConfigurationList section */
	};
	rootObject = BB8DACE024630A9600C4CBD1 /* Project object */;
}
